github.com/BurntSushi/toml v1.4.1-0.20240526193622-a339e1f7089c h1:pxW6RcqyfI9/kWtOwnv/G+AzdKuy2ZrqINhenH4HyNs=
github.com/BurntSushi/toml v1.4.1-0.20240526193622-a339e1f7089c/go.mod h1:ukJfTF/6rtPPRCnwkur4qwRxa8vTRFBF0uk2lLoLwho=
github.com/clipperhouse/uax29/v2 v2.2.0 h1:ChwIKnQN3kcZteTXMgb1wztSgaU+ZemkgWdohwgs8tY=
github.com/clipperhouse/uax29/v2 v2.2.0/go.mod h1:EFJ2TJMRUaplDxHKj1qAEhCtQPW2tJSwu5BF98AuoVM=
github.com/cockroachdb/apd/v3 v3.2.3 h1:4Zx+I3R35bFXMnltzmjP79i2cravE4jTRL6ps9Aux80=
github.com/cockroachdb/apd/v3 v3.2.3/go.mod h1:klXJcjp+FffLTHlhIG69tezTDvdP065naDsHzKhYSqc=
github.com/google/go-cmdtest v0.4.1-0.20220921163831-55ab3332a786 h1:rcv+Ippz6RAtvaGgKxc+8FQIpxHgsF+HBzPyYL2cyVU=
github.com/google/go-cmdtest v0.4.1-0.20220921163831-55ab3332a786/go.mod h1:apVn/GCasLZUVpAJ6oWAuyP7Ne7CEsQbTnc0plM3m+o=
github.com/google/go-cmp v0.7.0 h1:wk8382ETsv4JYUZwIsn6YpYiWiBsYLSJiTsyBybVuN8=
github.com/google/go-cmp v0.7.0/go.mod h1:pXiqmnSA92OHEEa9HXL2W4E7lf9JzCmGVUdgjX3N/iU=
github.com/google/renameio v0.1.0 h1:GOZbcHa3HfsPKPlmyPyN2KEohoMXOhdMbHrvbpl2QaA=
github.com/google/renameio v0.1.0/go.mod h1:KWCgfxg9yswjAJkECMjeO8J8rahYeXnNhOm40UhjYkI=
github.com/lib/pq v1.10.7 h1:p7ZhMD+KsSRozJr34udlUrhboJwWAgCg34+/ZZNvZZw=
github.com/lib/pq v1.10.7/go.mod h1:AlVN5x4E4T544tWzH6hKfbfQvm3HdbOxrmggDNAPY9o=
github.com/mattn/go-runewidth v0.0.23 h1:7ykA0T0jkPpzSvMS5i9uoNn2Xy3R383f9HDx3RybWcw=
github.com/mattn/go-runewidth v0.0.23/go.mod h1:XBkDxAl56ILZc9knddidhrOlY5R/pDhgLpndooCuJAs=
golang.org/x/exp/typeparams v0.0.0-20231108232855-2478ac86f678 h1:1P7xPZEwZMoBoz0Yze5Nx2/4pxj6nw9ZqHWXqP0iRgQ=
golang.org/x/exp/typeparams v0.0.0-20231108232855-2478ac86f678/go.mod h1:AbB0pIl9nAr9wVwH+Z2ZpaocVmF5I4GyWCDIsVjR0bk=
golang.org/x/mod v0.23.0 h1:Zb7khfcRGKk+kqfxFaP5tZqCnDZMjC5VtUBs87Hr6QM=
golang.org/x/mod v0.23.0/go.mod h1:6SkKJ3Xj0I0BrPOZoBy3bdMptDDU9oJrpohJ3eWZ1fY=
golang.org/x/sync v0.11.0 h1:GGz8+XQP4FvTTrjZPzNKTMFtSXH80RAzG+5ghFPgK9w=
golang.org/x/sync v0.11.0/go.mod h1:Czt+wKu1gCyEFDUtn0jG5QVvpJ6rzVqr5aXyt9drQfk=
golang.org/x/sys v0.30.0 h1:QjkSwP/36a20jFYWkSue1YwXzLmsV5Gfq7Eiy72C1uc=
golang.org/x/sys v0.30.0/go.mod h1:/VUhepiaJMQUp4+oa/7Zr1D23ma6VTLIYjOOTFZPUcA=
golang.org/x/telemetry v0.0.0-20240522233618-39ace7a40ae7 h1:FemxDzfMUcK2f3YY4H+05K9CDzbSVr2+q/JKN45pey0=
golang.org/x/telemetry v0.0.0-20240522233618-39ace7a40ae7/go.mod h1:pRgIJT+bRLFKnoM1ldnzKoxTIn14Yxz928LQRYYgIN0=
golang.org/x/tools v0.30.0 h1:BgcpHewrV5AUp2G9MebG4XPFI1E2W41zU1SaqVA9vJY=
golang.org/x/tools v0.30.0/go.mod h1:c347cR/OJfw5TI+GfX7RUPNMdDRRbjvYTS0jPyvsVtY=
golang.org/x/vuln v1.1.4 h1:Ju8QsuyhX3Hk8ma3CesTbO8vfJD9EvUBgHvkxHBzj0I=
golang.org/x/vuln v1.1.4/go.mod h1:F+45wmU18ym/ca5PLTPLsSzr2KppzswxPP603ldA67s=
honnef.co/go/tools v0.6.1 h1:R094WgE8K4JirYjBaOpz/AvTyUu/3wbmAoskKN/pxTI=
honnef.co/go/tools v0.6.1/go.mod h1:3puzxxljPCe8RGJX7BIy1plGbxEOZni5mR2aXe3/uk4=
